
Microsoft Visual Studio Solution File, Format Version 12.00
# Visual Studio Version 16
VisualStudioVersion = 16.0.29926.136
MinimumVisualStudioVersion = 10.0.40219.1
Project("{9A19103F-16F7-4668-BE54-9A1E7A4F7556}") = "Blogifier.Core", "src\Blogifier.Core\Blogifier.Core.csproj", "{BE365CF6-2050-489E-99E3-7579FF60D14E}"
EndProject
Project("{9A19103F-16F7-4668-BE54-9A1E7A4F7556}") = "Blogifier.Core.Tests", "src\Blogifier.Core.Tests\Blogifier.Core.Tests.csproj", "{A7907243-90D5-491C-90F9-6FD2FF965DAA}"
EndProject
Project("{2150E333-8FDC-42A3-9474-1A3956D46DE8}") = "Solution Items", "Solution Items", "{75D36F2D-1619-4EA1-9835-B0170D9EC420}"
	ProjectSection(SolutionItems) = preProject
		README.md = README.md
	EndProjectSection
EndProject
Global
	GlobalSection(SolutionConfigurationPlatforms) = preSolution
		Debug|Any CPU = Debug|Any CPU
		Release|Any CPU = Release|Any CPU
	EndGlobalSection
	GlobalSection(ProjectConfigurationPlatforms) = postSolution
		{BE365CF6-2050-489E-99E3-7579FF60D14E}.Debug|Any CPU.ActiveCfg = Debug|Any CPU
		{BE365CF6-2050-489E-99E3-7579FF60D14E}.Debug|Any CPU.Build.0 = Debug|Any CPU
		{BE365CF6-2050-489E-99E3-7579FF60D14E}.Release|Any CPU.ActiveCfg = Release|Any CPU
		{BE365CF6-2050-489E-99E3-7579FF60D14E}.Release|Any CPU.Build.0 = Release|Any CPU
		{A7907243-90D5-491C-90F9-6FD2FF965DAA}.Debug|Any CPU.ActiveCfg = Debug|Any CPU
		{A7907243-90D5-491C-90F9-6FD2FF965DAA}.Debug|Any CPU.Build.0 = Debug|Any CPU
		{A7907243-90D5-491C-90F9-6FD2FF965DAA}.Release|Any CPU.ActiveCfg = Release|Any CPU
		{A7907243-90D5-491C-90F9-6FD2FF965DAA}.Release|Any CPU.Build.0 = Release|Any CPU
	EndGlobalSection
	GlobalSection(SolutionProperties) = preSolution
		HideSolutionNode = FALSE
	EndGlobalSection
	GlobalSection(ExtensibilityGlobals) = postSolution
		SolutionGuid = {41A50281-8917-43E0-B3FD-5213732B5A57}
	EndGlobalSection
EndGlobal
